
Microsoft Visual Studio Solution File, Format Version 12.00
# Visual Studio 15
VisualStudioVersion = 15.0.28010.2041
MinimumVisualStudioVersion = 10.0.40219.1
Project("{FAE04EC0-301F-11D3-BF4B-00C04F79EFBC}") = "ViewBag_ViewData_In_MVC", "ViewBag_ViewData_In_MVC\ViewBag_ViewData_In_MVC.csproj", "{A46CDE2D-EB05-4D01-9429-6BF7CECD4450}"
EndProject
Global
	GlobalSection(SolutionConfigurationPlatforms) = preSolution
		Debug|Any CPU = Debug|Any CPU
		Release|Any CPU = Release|Any CPU
	EndGlobalSection
	GlobalSection(ProjectConfigurationPlatforms) = postSolution
		{A46CDE2D-EB05-4D01-9429-6BF7CECD4450}.Debug|Any CPU.ActiveCfg = Debug|Any CPU
		{A46CDE2D-EB05-4D01-9429-6BF7CECD4450}.Debug|Any CPU.Build.0 = Debug|Any CPU
		{A46CDE2D-EB05-4D01-9429-6BF7CECD4450}.Release|Any CPU.ActiveCfg = Release|Any CPU
		{A46CDE2D-EB05-4D01-9429-6BF7CECD4450}.Release|Any CPU.Build.0 = Release|Any CPU
	EndGlobalSection
	GlobalSection(SolutionProperties) = preSolution
		HideSolutionNode = FALSE
	EndGlobalSection
	GlobalSection(ExtensibilityGlobals) = postSolution
		SolutionGuid = {C1CD86A3-5F55-480A-8C1D-82A03FA8EB27}
	EndGlobalSection
EndGlobal
